# THIS IS AN AUTOGENERATED FILE. DO NOT EDIT THIS FILE DIRECTLY.
# yarn lockfile v1


immutable@^3.8.1:
  version "3.8.2"
  resolved "https://registry.yarnpkg.com/immutable/-/immutable-3.8.2.tgz#c2439951455bb39913daf281376f1530e104adf3"

pandas-js@^0.2.4:
  version "0.2.4"
  resolved "https://registry.yarnpkg.com/pandas-js/-/pandas-js-0.2.4.tgz#7bfbda79aab0e5c278203789ca26b703633235d7"
  dependencies:
    immutable "^3.8.1"

papaparse@^4.4.0:
  version "4.4.0"
  resolved "https://registry.yarnpkg.com/papaparse/-/papaparse-4.4.0.tgz#6bcdbda80873e00cfb0bdcd7a4571c72a9a40168"
